
Microsoft Visual Studio Solution File, Format Version 12.00
# Visual Studio 14
VisualStudioVersion = 14.0.23107.0
MinimumVisualStudioVersion = 10.0.40219.1
Project("{FAE04EC0-301F-11D3-BF4B-00C04F79EFBC}") = "Stocksly.Data", "Stocksly.Data\Stocksly.Data.csproj", "{F62AF3C2-8ED6-407F-9B5A-FCFF97CB84C0}"
EndProject
Project("{FAE04EC0-301F-11D3-BF4B-00C04F79EFBC}") = "Stocksly.Domain", "Stocksly.Model\Stocksly.Domain.csproj", "{EDB29285-EAA9-4674-BAD6-F9A2F9477BA4}"
EndProject
Project("{FAE04EC0-301F-11D3-BF4B-00C04F79EFBC}") = "Stocksly.Data.Services", "Stocksly.Data.Services\Stocksly.Data.Services.csproj", "{0E547C7E-0B2C-453F-BEAA-2448B65D7405}"
EndProject
Project("{2150E333-8FDC-42A3-9474-1A3956D46DE8}") = ".git", ".git", "{B57C2C25-8205-4CDB-BA27-EAE637CC2AC5}"
	ProjectSection(SolutionItems) = preProject
		.gitignore = .gitignore
	EndProjectSection
EndProject
Project("{2150E333-8FDC-42A3-9474-1A3956D46DE8}") = ".build", ".build", "{987008E6-B1DE-4CE9-BEE7-CC7852991189}"
EndProject
Project("{2150E333-8FDC-42A3-9474-1A3956D46DE8}") = ".doc", ".doc", "{13C5DACD-F947-41A5-AC0D-95316CCA88C1}"
EndProject
Project("{2150E333-8FDC-42A3-9474-1A3956D46DE8}") = ".db", ".db", "{897955B7-47D3-442B-949A-C32C198EDDCA}"
EndProject
Project("{FAE04EC0-301F-11D3-BF4B-00C04F79EFBC}") = "Stocksly.Capture.Services", "Stocksly.Capture.Services\Stocksly.Capture.Services.csproj", "{26F9A54D-A359-4392-8F1E-7FCC30156758}"
EndProject
Project("{2150E333-8FDC-42A3-9474-1A3956D46DE8}") = "Services", "Services", "{852B3258-FBA9-4AF2-8625-7CCD8744D88D}"
EndProject
Project("{2150E333-8FDC-42A3-9474-1A3956D46DE8}") = "Repository", "Repository", "{73E8C380-84AD-4A73-85E0-27C2D08A6EA5}"
EndProject
Project("{2150E333-8FDC-42A3-9474-1A3956D46DE8}") = "Domain", "Domain", "{6124BB35-1D68-424F-B671-1D1F68BA6539}"
EndProject
Project("{2150E333-8FDC-42A3-9474-1A3956D46DE8}") = "Clients", "Clients", "{8C89C400-2E9F-46C7-83A4-400F7C3AE2F5}"
EndProject
Project("{FAE04EC0-301F-11D3-BF4B-00C04F79EFBC}") = "Stocksly.Web.Client", "Stocksly.Web.Client\Stocksly.Web.Client.csproj", "{83A88B4B-AF1B-4B30-91BE-F49E33C125AA}"
EndProject
Project("{00D1A9C2-B5F0-4AF3-8072-F6C62B433612}") = "Stocksly.Sql", "Stocksly.Sql\Stocksly.Sql.sqlproj", "{6841B8C4-6AB9-47E2-B83D-5218A99D65AD}"
EndProject
Project("{FAE04EC0-301F-11D3-BF4B-00C04F79EFBC}") = "Stocksly.Desktop.Client", "Stocksly.Desktop.Client\Stocksly.Desktop.Client.csproj", "{CD80DC7A-FECA-4E3B-8A6C-E1720A3C85EB}"
EndProject
Global
	GlobalSection(SolutionConfigurationPlatforms) = preSolution
		Debug|Any CPU = Debug|Any CPU
		Release|Any CPU = Release|Any CPU
	EndGlobalSection
	GlobalSection(ProjectConfigurationPlatforms) = postSolution
		{F62AF3C2-8ED6-407F-9B5A-FCFF97CB84C0}.Debug|Any CPU.ActiveCfg = Debug|Any CPU
		{F62AF3C2-8ED6-407F-9B5A-FCFF97CB84C0}.Debug|Any CPU.Build.0 = Debug|Any CPU
		{F62AF3C2-8ED6-407F-9B5A-FCFF97CB84C0}.Release|Any CPU.ActiveCfg = Release|Any CPU
		{F62AF3C2-8ED6-407F-9B5A-FCFF97CB84C0}.Release|Any CPU.Build.0 = Release|Any CPU
		{EDB29285-EAA9-4674-BAD6-F9A2F9477BA4}.Debug|Any CPU.ActiveCfg = Debug|Any CPU
		{EDB29285-EAA9-4674-BAD6-F9A2F9477BA4}.Debug|Any CPU.Build.0 = Debug|Any CPU
		{EDB29285-EAA9-4674-BAD6-F9A2F9477BA4}.Release|Any CPU.ActiveCfg = Release|Any CPU
		{EDB29285-EAA9-4674-BAD6-F9A2F9477BA4}.Release|Any CPU.Build.0 = Release|Any CPU
		{0E547C7E-0B2C-453F-BEAA-2448B65D7405}.Debug|Any CPU.ActiveCfg = Debug|Any CPU
		{0E547C7E-0B2C-453F-BEAA-2448B65D7405}.Debug|Any CPU.Build.0 = Debug|Any CPU
		{0E547C7E-0B2C-453F-BEAA-2448B65D7405}.Release|Any CPU.ActiveCfg = Release|Any CPU
		{0E547C7E-0B2C-453F-BEAA-2448B65D7405}.Release|Any CPU.Build.0 = Release|Any CPU
		{26F9A54D-A359-4392-8F1E-7FCC30156758}.Debug|Any CPU.ActiveCfg = Debug|Any CPU
		{26F9A54D-A359-4392-8F1E-7FCC30156758}.Debug|Any CPU.Build.0 = Debug|Any CPU
		{26F9A54D-A359-4392-8F1E-7FCC30156758}.Release|Any CPU.ActiveCfg = Release|Any CPU
		{26F9A54D-A359-4392-8F1E-7FCC30156758}.Release|Any CPU.Build.0 = Release|Any CPU
		{83A88B4B-AF1B-4B30-91BE-F49E33C125AA}.Debug|Any CPU.ActiveCfg = Debug|Any CPU
		{83A88B4B-AF1B-4B30-91BE-F49E33C125AA}.Debug|Any CPU.Build.0 = Debug|Any CPU
		{83A88B4B-AF1B-4B30-91BE-F49E33C125AA}.Release|Any CPU.ActiveCfg = Release|Any CPU
		{83A88B4B-AF1B-4B30-91BE-F49E33C125AA}.Release|Any CPU.Build.0 = Release|Any CPU
		{6841B8C4-6AB9-47E2-B83D-5218A99D65AD}.Debug|Any CPU.ActiveCfg = Debug|Any CPU
		{6841B8C4-6AB9-47E2-B83D-5218A99D65AD}.Debug|Any CPU.Build.0 = Debug|Any CPU
		{6841B8C4-6AB9-47E2-B83D-5218A99D65AD}.Debug|Any CPU.Deploy.0 = Debug|Any CPU
		{6841B8C4-6AB9-47E2-B83D-5218A99D65AD}.Release|Any CPU.ActiveCfg = Release|Any CPU
		{6841B8C4-6AB9-47E2-B83D-5218A99D65AD}.Release|Any CPU.Build.0 = Release|Any CPU
		{6841B8C4-6AB9-47E2-B83D-5218A99D65AD}.Release|Any CPU.Deploy.0 = Release|Any CPU
		{CD80DC7A-FECA-4E3B-8A6C-E1720A3C85EB}.Debug|Any CPU.ActiveCfg = Debug|Any CPU
		{CD80DC7A-FECA-4E3B-8A6C-E1720A3C85EB}.Debug|Any CPU.Build.0 = Debug|Any CPU
		{CD80DC7A-FECA-4E3B-8A6C-E1720A3C85EB}.Release|Any CPU.ActiveCfg = Release|Any CPU
		{CD80DC7A-FECA-4E3B-8A6C-E1720A3C85EB}.Release|Any CPU.Build.0 = Release|Any CPU
	EndGlobalSection
	GlobalSection(SolutionProperties) = preSolution
		HideSolutionNode = FALSE
	EndGlobalSection
	GlobalSection(NestedProjects) = preSolution
		{F62AF3C2-8ED6-407F-9B5A-FCFF97CB84C0} = {73E8C380-84AD-4A73-85E0-27C2D08A6EA5}
		{EDB29285-EAA9-4674-BAD6-F9A2F9477BA4} = {6124BB35-1D68-424F-B671-1D1F68BA6539}
		{0E547C7E-0B2C-453F-BEAA-2448B65D7405} = {852B3258-FBA9-4AF2-8625-7CCD8744D88D}
		{26F9A54D-A359-4392-8F1E-7FCC30156758} = {852B3258-FBA9-4AF2-8625-7CCD8744D88D}
		{83A88B4B-AF1B-4B30-91BE-F49E33C125AA} = {8C89C400-2E9F-46C7-83A4-400F7C3AE2F5}
		{6841B8C4-6AB9-47E2-B83D-5218A99D65AD} = {897955B7-47D3-442B-949A-C32C198EDDCA}
		{CD80DC7A-FECA-4E3B-8A6C-E1720A3C85EB} = {8C89C400-2E9F-46C7-83A4-400F7C3AE2F5}
	EndGlobalSection
EndGlobal
